
Microsoft Visual Studio Solution File, Format Version 12.00
# Visual Studio Version 17
VisualStudioVersion = 17.11.35327.3
MinimumVisualStudioVersion = 10.0.40219.1
Project("{9A19103F-16F7-4668-BE54-9A1E7A4F7556}") = "AnotherMusicPlayer", "AnotherMusicPlayer\AnotherMusicPlayer.csproj", "{521EC16A-1461-426A-81EF-E812C275E840}"
EndProject
Project("{2150E333-8FDC-42A3-9474-1A3956D46DE8}") = "Solution Items", "Solution Items", "{65CBBEC3-114C-443C-A217-630488843737}"
	ProjectSection(SolutionItems) = preProject
		README.md = README.md
	EndProjectSection
EndProject
Project("{2150E333-8FDC-42A3-9474-1A3956D46DE8}") = "Libs", "Libs", "{B58DC619-E3D4-4B36-8F3B-39D3DDBC3149}"
EndProject
Project("{FAE04EC0-301F-11D3-BF4B-00C04F79EFBC}") = "m3uParser", "Libs\m3uParser\m3uParser.csproj", "{0648E6DD-7B6B-4EE0-A3EE-CDBB64D0446E}"
EndProject
Project("{9A19103F-16F7-4668-BE54-9A1E7A4F7556}") = "PagedControl.NET6", "Libs\PagedControl.NET6\PagedControl.NET6.csproj", "{9DDC6E93-CA54-4AD9-B70B-49BE6E7A3790}"
EndProject
Project("{9A19103F-16F7-4668-BE54-9A1E7A4F7556}") = "TabControl.NET6", "Libs\TabControl.NET6\TabControl.NET6.csproj", "{DE57CFCC-A0B0-4F6B-B56B-81C0CD46CFE9}"
EndProject
Global
	GlobalSection(SolutionConfigurationPlatforms) = preSolution
		Debug|Any CPU = Debug|Any CPU
		Release|Any CPU = Release|Any CPU
	EndGlobalSection
	GlobalSection(ProjectConfigurationPlatforms) = postSolution
		{521EC16A-1461-426A-81EF-E812C275E840}.Debug|Any CPU.ActiveCfg = Debug|Any CPU
		{521EC16A-1461-426A-81EF-E812C275E840}.Debug|Any CPU.Build.0 = Debug|Any CPU
		{521EC16A-1461-426A-81EF-E812C275E840}.Release|Any CPU.ActiveCfg = Release|Any CPU
		{521EC16A-1461-426A-81EF-E812C275E840}.Release|Any CPU.Build.0 = Release|Any CPU
		{9DDC6E93-CA54-4AD9-B70B-49BE6E7A3790}.Debug|Any CPU.ActiveCfg = Debug|Any CPU
		{9DDC6E93-CA54-4AD9-B70B-49BE6E7A3790}.Debug|Any CPU.Build.0 = Debug|Any CPU
		{9DDC6E93-CA54-4AD9-B70B-49BE6E7A3790}.Release|Any CPU.ActiveCfg = Release|Any CPU
		{9DDC6E93-CA54-4AD9-B70B-49BE6E7A3790}.Release|Any CPU.Build.0 = Release|Any CPU
		{DE57CFCC-A0B0-4F6B-B56B-81C0CD46CFE9}.Debug|Any CPU.ActiveCfg = Debug|Any CPU
		{DE57CFCC-A0B0-4F6B-B56B-81C0CD46CFE9}.Debug|Any CPU.Build.0 = Debug|Any CPU
		{DE57CFCC-A0B0-4F6B-B56B-81C0CD46CFE9}.Release|Any CPU.ActiveCfg = Release|Any CPU
		{DE57CFCC-A0B0-4F6B-B56B-81C0CD46CFE9}.Release|Any CPU.Build.0 = Release|Any CPU
		{0648E6DD-7B6B-4EE0-A3EE-CDBB64D0446E}.Debug|Any CPU.ActiveCfg = Debug|Any CPU
		{0648E6DD-7B6B-4EE0-A3EE-CDBB64D0446E}.Debug|Any CPU.Build.0 = Debug|Any CPU
		{0648E6DD-7B6B-4EE0-A3EE-CDBB64D0446E}.Release|Any CPU.ActiveCfg = Release|Any CPU
		{0648E6DD-7B6B-4EE0-A3EE-CDBB64D0446E}.Release|Any CPU.Build.0 = Release|Any CPU
	EndGlobalSection
	GlobalSection(SolutionProperties) = preSolution
		HideSolutionNode = FALSE
	EndGlobalSection
	GlobalSection(NestedProjects) = preSolution
		{9DDC6E93-CA54-4AD9-B70B-49BE6E7A3790} = {B58DC619-E3D4-4B36-8F3B-39D3DDBC3149}
		{DE57CFCC-A0B0-4F6B-B56B-81C0CD46CFE9} = {B58DC619-E3D4-4B36-8F3B-39D3DDBC3149}
		{0648E6DD-7B6B-4EE0-A3EE-CDBB64D0446E} = {B58DC619-E3D4-4B36-8F3B-39D3DDBC3149}
	EndGlobalSection
	GlobalSection(ExtensibilityGlobals) = postSolution
		SolutionGuid = {3ABE685A-0A6E-4F6C-BC38-D2BCC10F5241}
	EndGlobalSection
EndGlobal
